{
  "name": "Arduino-PC-status",
  "version": "1.0.0",
  "lockfileVersion": 1,
  "requires": true,
  "dependencies": {
    "serial-node": {
      "version": "0.0.10",
      "resolved": "https://registry.npmjs.org/serial-node/-/serial-node-0.0.10.tgz",
      "integrity": "sha1-LfLVb40qA0RYdmLXhKv8bEpBTjg="
    },
    "systeminformation": {
      "version": "3.31.2",
      "resolved": "https://registry.npmjs.org/systeminformation/-/systeminformation-3.31.2.tgz",
      "integrity": "sha1-GnR3HdLeo3rQjCGTXtPV3vrUOoo="
    }
  }
}
